
Microsoft Visual Studio Solution File, Format Version 12.00
# Visual Studio Version 17
VisualStudioVersion = 17.14.36015.10 d17.14
MinimumVisualStudioVersion = 10.0.40219.1
Project("{FAE04EC0-301F-11D3-BF4B-00C04F79EFBC}") = "CashFlow.API", "CashFlow.API\CashFlow.API.csproj", "{FD7C9707-5BE3-47F8-AE8F-C5613C860059}"
EndProject
Project("{2150E333-8FDC-42A3-9474-1A3956D46DE8}") = "src", "src", "{02EA681E-C7D8-13C7-8484-4AC65E1B71E8}"
EndProject
Project("{FAE04EC0-301F-11D3-BF4B-00C04F79EFBC}") = "CashFlow.Domain", "CashFlow.Domain\CashFlow.Domain.csproj", "{4F240680-2A53-4A08-8A76-5DC0B51B675F}"
EndProject
Project("{FAE04EC0-301F-11D3-BF4B-00C04F79EFBC}") = "CashFlow.Infrastructure", "CashFlow.Infrastructure\CashFlow.Infrastructure.csproj", "{BDD85704-E111-486D-BC83-19129D02832E}"
EndProject
Global
	GlobalSection(SolutionConfigurationPlatforms) = preSolution
		Debug|Any CPU = Debug|Any CPU
		Release|Any CPU = Release|Any CPU
	EndGlobalSection
	GlobalSection(ProjectConfigurationPlatforms) = postSolution
		{FD7C9707-5BE3-47F8-AE8F-C5613C860059}.Debug|Any CPU.ActiveCfg = Debug|Any CPU
		{FD7C9707-5BE3-47F8-AE8F-C5613C860059}.Debug|Any CPU.Build.0 = Debug|Any CPU
		{FD7C9707-5BE3-47F8-AE8F-C5613C860059}.Release|Any CPU.ActiveCfg = Release|Any CPU
		{FD7C9707-5BE3-47F8-AE8F-C5613C860059}.Release|Any CPU.Build.0 = Release|Any CPU
		{4F240680-2A53-4A08-8A76-5DC0B51B675F}.Debug|Any CPU.ActiveCfg = Debug|Any CPU
		{4F240680-2A53-4A08-8A76-5DC0B51B675F}.Debug|Any CPU.Build.0 = Debug|Any CPU
		{4F240680-2A53-4A08-8A76-5DC0B51B675F}.Release|Any CPU.ActiveCfg = Release|Any CPU
		{4F240680-2A53-4A08-8A76-5DC0B51B675F}.Release|Any CPU.Build.0 = Release|Any CPU
		{BDD85704-E111-486D-BC83-19129D02832E}.Debug|Any CPU.ActiveCfg = Debug|Any CPU
		{BDD85704-E111-486D-BC83-19129D02832E}.Debug|Any CPU.Build.0 = Debug|Any CPU
		{BDD85704-E111-486D-BC83-19129D02832E}.Release|Any CPU.ActiveCfg = Release|Any CPU
		{BDD85704-E111-486D-BC83-19129D02832E}.Release|Any CPU.Build.0 = Release|Any CPU
	EndGlobalSection
	GlobalSection(SolutionProperties) = preSolution
		HideSolutionNode = FALSE
	EndGlobalSection
	GlobalSection(NestedProjects) = preSolution
		{FD7C9707-5BE3-47F8-AE8F-C5613C860059} = {02EA681E-C7D8-13C7-8484-4AC65E1B71E8}
		{4F240680-2A53-4A08-8A76-5DC0B51B675F} = {02EA681E-C7D8-13C7-8484-4AC65E1B71E8}
		{BDD85704-E111-486D-BC83-19129D02832E} = {02EA681E-C7D8-13C7-8484-4AC65E1B71E8}
	EndGlobalSection
	GlobalSection(ExtensibilityGlobals) = postSolution
		SolutionGuid = {1AC83487-38C4-4E06-806F-15BDB2704CFE}
	EndGlobalSection
EndGlobal
